
Microsoft Visual Studio Solution File, Format Version 12.00
# Visual Studio Version 16
VisualStudioVersion = 16.0.29806.167
MinimumVisualStudioVersion = 10.0.40219.1
Project("{9A19103F-16F7-4668-BE54-9A1E7A4F7556}") = "Solarwinds.TracingWrapper", "Solarwinds.TracingWrapper\Solarwinds.TracingWrapper.csproj", "{8F91A85A-46C9-4B74-8AAE-27DB9019184E}"
EndProject
Project("{FAE04EC0-301F-11D3-BF4B-00C04F79EFBC}") = "Solarwinds.TracingDriver", "Solarwinds.TracingDriver\Solarwinds.TracingDriver.csproj", "{BFF245C9-E9DD-419D-B95B-60EE51B9A559}"
EndProject
Global
	GlobalSection(SolutionConfigurationPlatforms) = preSolution
		Debug|Any CPU = Debug|Any CPU
		Release|Any CPU = Release|Any CPU
	EndGlobalSection
	GlobalSection(ProjectConfigurationPlatforms) = postSolution
		{8F91A85A-46C9-4B74-8AAE-27DB9019184E}.Debug|Any CPU.ActiveCfg = Debug|Any CPU
		{8F91A85A-46C9-4B74-8AAE-27DB9019184E}.Debug|Any CPU.Build.0 = Debug|Any CPU
		{8F91A85A-46C9-4B74-8AAE-27DB9019184E}.Release|Any CPU.ActiveCfg = Release|Any CPU
		{8F91A85A-46C9-4B74-8AAE-27DB9019184E}.Release|Any CPU.Build.0 = Release|Any CPU
		{BFF245C9-E9DD-419D-B95B-60EE51B9A559}.Debug|Any CPU.ActiveCfg = Debug|Any CPU
		{BFF245C9-E9DD-419D-B95B-60EE51B9A559}.Debug|Any CPU.Build.0 = Debug|Any CPU
		{BFF245C9-E9DD-419D-B95B-60EE51B9A559}.Release|Any CPU.ActiveCfg = Release|Any CPU
		{BFF245C9-E9DD-419D-B95B-60EE51B9A559}.Release|Any CPU.Build.0 = Release|Any CPU
	EndGlobalSection
	GlobalSection(SolutionProperties) = preSolution
		HideSolutionNode = FALSE
	EndGlobalSection
	GlobalSection(ExtensibilityGlobals) = postSolution
		SolutionGuid = {7535B880-3F9B-4F1D-AFAA-346F5C2EFD5C}
	EndGlobalSection
EndGlobal
