
Microsoft Visual Studio Solution File, Format Version 12.00
# Visual Studio Version 16
VisualStudioVersion = 16.0.30413.136
MinimumVisualStudioVersion = 10.0.40219.1
Project("{FAE04EC0-301F-11D3-BF4B-00C04F79EFBC}") = "SahredMemoryUser", "SahredMemoryUser\SahredMemoryUser.csproj", "{CC27A62A-6DE5-476F-99E1-60166F5954BB}"
EndProject
Project("{FAE04EC0-301F-11D3-BF4B-00C04F79EFBC}") = "SolarWinds.SharedCommunication", "SharedCommunication\SolarWinds.SharedCommunication.csproj", "{BAB245C5-AA41-415B-8C0F-C71C012B897D}"
EndProject
Project("{9A19103F-16F7-4668-BE54-9A1E7A4F7556}") = "SolarWinds.SharedCommunication.Contracts", "SharedCommunication.Contracts\SolarWinds.SharedCommunication.Contracts.csproj", "{3A04C605-FAD2-4BA0-A010-E166B1727B78}"
EndProject
Project("{FAE04EC0-301F-11D3-BF4B-00C04F79EFBC}") = "SharedMemoryProvider", "SharedMemoryProvider\SharedMemoryProvider.csproj", "{36CC4E2F-0F51-4218-A040-42F39A1A6EA7}"
EndProject
Global
	GlobalSection(SolutionConfigurationPlatforms) = preSolution
		Debug|Any CPU = Debug|Any CPU
		Release|Any CPU = Release|Any CPU
	EndGlobalSection
	GlobalSection(ProjectConfigurationPlatforms) = postSolution
		{CC27A62A-6DE5-476F-99E1-60166F5954BB}.Debug|Any CPU.ActiveCfg = Debug|Any CPU
		{CC27A62A-6DE5-476F-99E1-60166F5954BB}.Debug|Any CPU.Build.0 = Debug|Any CPU
		{CC27A62A-6DE5-476F-99E1-60166F5954BB}.Release|Any CPU.ActiveCfg = Release|Any CPU
		{CC27A62A-6DE5-476F-99E1-60166F5954BB}.Release|Any CPU.Build.0 = Release|Any CPU
		{BAB245C5-AA41-415B-8C0F-C71C012B897D}.Debug|Any CPU.ActiveCfg = Debug|Any CPU
		{BAB245C5-AA41-415B-8C0F-C71C012B897D}.Debug|Any CPU.Build.0 = Debug|Any CPU
		{BAB245C5-AA41-415B-8C0F-C71C012B897D}.Release|Any CPU.ActiveCfg = Release|Any CPU
		{BAB245C5-AA41-415B-8C0F-C71C012B897D}.Release|Any CPU.Build.0 = Release|Any CPU
		{3A04C605-FAD2-4BA0-A010-E166B1727B78}.Debug|Any CPU.ActiveCfg = Debug|Any CPU
		{3A04C605-FAD2-4BA0-A010-E166B1727B78}.Debug|Any CPU.Build.0 = Debug|Any CPU
		{3A04C605-FAD2-4BA0-A010-E166B1727B78}.Release|Any CPU.ActiveCfg = Release|Any CPU
		{3A04C605-FAD2-4BA0-A010-E166B1727B78}.Release|Any CPU.Build.0 = Release|Any CPU
		{36CC4E2F-0F51-4218-A040-42F39A1A6EA7}.Debug|Any CPU.ActiveCfg = Debug|Any CPU
		{36CC4E2F-0F51-4218-A040-42F39A1A6EA7}.Debug|Any CPU.Build.0 = Debug|Any CPU
		{36CC4E2F-0F51-4218-A040-42F39A1A6EA7}.Release|Any CPU.ActiveCfg = Release|Any CPU
		{36CC4E2F-0F51-4218-A040-42F39A1A6EA7}.Release|Any CPU.Build.0 = Release|Any CPU
	EndGlobalSection
	GlobalSection(SolutionProperties) = preSolution
		HideSolutionNode = FALSE
	EndGlobalSection
	GlobalSection(ExtensibilityGlobals) = postSolution
		SolutionGuid = {0DBE9DCF-2A1D-4C1F-94E8-03D9390E8EAD}
	EndGlobalSection
EndGlobal
