
Microsoft Visual Studio Solution File, Format Version 12.00
# Visual Studio Version 16
VisualStudioVersion = 16.0.30413.136
MinimumVisualStudioVersion = 10.0.40219.1
Project("{9A19103F-16F7-4668-BE54-9A1E7A4F7556}") = "SharedMemoryHelper", "SharedMemoryHelper\SharedMemoryHelper.csproj", "{A45E78F6-38B8-4D08-9EFD-EB3ED14349A0}"
EndProject
Project("{FAE04EC0-301F-11D3-BF4B-00C04F79EFBC}") = "SahredMemoryUser", "SahredMemoryUser\SahredMemoryUser.csproj", "{CC27A62A-6DE5-476F-99E1-60166F5954BB}"
EndProject
Global
	GlobalSection(SolutionConfigurationPlatforms) = preSolution
		Debug|Any CPU = Debug|Any CPU
		Release|Any CPU = Release|Any CPU
	EndGlobalSection
	GlobalSection(ProjectConfigurationPlatforms) = postSolution
		{A45E78F6-38B8-4D08-9EFD-EB3ED14349A0}.Debug|Any CPU.ActiveCfg = Debug|Any CPU
		{A45E78F6-38B8-4D08-9EFD-EB3ED14349A0}.Debug|Any CPU.Build.0 = Debug|Any CPU
		{A45E78F6-38B8-4D08-9EFD-EB3ED14349A0}.Release|Any CPU.ActiveCfg = Release|Any CPU
		{A45E78F6-38B8-4D08-9EFD-EB3ED14349A0}.Release|Any CPU.Build.0 = Release|Any CPU
		{CC27A62A-6DE5-476F-99E1-60166F5954BB}.Debug|Any CPU.ActiveCfg = Debug|Any CPU
		{CC27A62A-6DE5-476F-99E1-60166F5954BB}.Debug|Any CPU.Build.0 = Debug|Any CPU
		{CC27A62A-6DE5-476F-99E1-60166F5954BB}.Release|Any CPU.ActiveCfg = Release|Any CPU
		{CC27A62A-6DE5-476F-99E1-60166F5954BB}.Release|Any CPU.Build.0 = Release|Any CPU
	EndGlobalSection
	GlobalSection(SolutionProperties) = preSolution
		HideSolutionNode = FALSE
	EndGlobalSection
	GlobalSection(ExtensibilityGlobals) = postSolution
		SolutionGuid = {0DBE9DCF-2A1D-4C1F-94E8-03D9390E8EAD}
	EndGlobalSection
EndGlobal
